
Microsoft Visual Studio Solution File, Format Version 12.00
# Visual Studio Version 17
VisualStudioVersion = 17.14.36518.9 d17.14
MinimumVisualStudioVersion = 10.0.40219.1
Project("{FAE04EC0-301F-11D3-BF4B-00C04F79EFBC}") = "ProyectoParaleloFinal", "ProyectoParaleloFinal.csproj", "{CA36FE28-2487-4178-8DAD-49777B49DBD0}"
EndProject
Global
	GlobalSection(SolutionConfigurationPlatforms) = preSolution
		Debug|Any CPU = Debug|Any CPU
		Release|Any CPU = Release|Any CPU
	EndGlobalSection
	GlobalSection(ProjectConfigurationPlatforms) = postSolution
		{CA36FE28-2487-4178-8DAD-49777B49DBD0}.Debug|Any CPU.ActiveCfg = Debug|Any CPU
		{CA36FE28-2487-4178-8DAD-49777B49DBD0}.Debug|Any CPU.Build.0 = Debug|Any CPU
		{CA36FE28-2487-4178-8DAD-49777B49DBD0}.Release|Any CPU.ActiveCfg = Release|Any CPU
		{CA36FE28-2487-4178-8DAD-49777B49DBD0}.Release|Any CPU.Build.0 = Release|Any CPU
	EndGlobalSection
	GlobalSection(SolutionProperties) = preSolution
		HideSolutionNode = FALSE
	EndGlobalSection
	GlobalSection(ExtensibilityGlobals) = postSolution
		SolutionGuid = {A3B44AB4-0865-417F-AA41-EAA2C63E958B}
	EndGlobalSection
EndGlobal
